// !$*UTF8*$!
{
	archiveVersion = 1;
	classes = {
	};
	objectVersion = 56;
	objects = {

/* Begin PBXBuildFile section */
		A9240DBB2ADA9039007AFD26 /* AppDelegate.swift in Sources */ = {isa = PBXBuildFile; fileRef = A9240DBA2ADA9039007AFD26 /* AppDelegate.swift */; };
		A9240DBD2ADA9039007AFD26 /* SceneDelegate.swift in Sources */ = {isa = PBXBuildFile; fileRef = A9240DBC2ADA9039007AFD26 /* SceneDelegate.swift */; };
		A9240DBF2ADA9039007AFD26 /* ViewController.swift in Sources */ = {isa = PBXBuildFile; fileRef = A9240DBE2ADA9039007AFD26 /* ViewController.swift */; };
		A9240DC22ADA9039007AFD26 /* Main.storyboard in Resources */ = {isa = PBXBuildFile; fileRef = A9240DC02ADA9039007AFD26 /* Main.storyboard */; };
		A9240DC42ADA903B007AFD26 /* Assets.xcassets in Resources */ = {isa = PBXBuildFile; fileRef = A9240DC32ADA903B007AFD26 /* Assets.xcassets */; };
		A9240DC72ADA903B007AFD26 /* LaunchScreen.storyboard in Resources */ = {isa = PBXBuildFile; fileRef = A9240DC52ADA903B007AFD26 /* LaunchScreen.storyboard */; };
		A9240DCF2ADA905A007AFD26 /* Calculator.swift in Sources */ = {isa = PBXBuildFile; fileRef = A9240DCE2ADA905A007AFD26 /* Calculator.swift */; };
		A9240DD12ADAA8D9007AFD26 /* CustomAlertViewController.swift in Sources */ = {isa = PBXBuildFile; fileRef = A9240DD02ADAA8D9007AFD26 /* CustomAlertViewController.swift */; };
		A9240DD32ADAB11C007AFD26 /* FavoriteViewController.swift in Sources */ = {isa = PBXBuildFile; fileRef = A9240DD22ADAB11C007AFD26 /* FavoriteViewController.swift */; };
		A9240DD72ADAC466007AFD26 /* UIViewController+Extensions.swift in Sources */ = {isa = PBXBuildFile; fileRef = A9240DD62ADAC466007AFD26 /* UIViewController+Extensions.swift */; };
		A9240DD92ADAC498007AFD26 /* String+Extension.swift in Sources */ = {isa = PBXBuildFile; fileRef = A9240DD82ADAC498007AFD26 /* String+Extension.swift */; };
/* End PBXBuildFile section */

/* Begin PBXFileReference section */
		A9240DB72ADA9039007AFD26 /* RomanConverter.app */ = {isa = PBXFileReference; explicitFileType = wrapper.application; includeInIndex = 0; path = RomanConverter.app; sourceTree = BUILT_PRODUCTS_DIR; };
		A9240DBA2ADA9039007AFD26 /* AppDelegate.swift */ = {isa = PBXFileReference; lastKnownFileType = sourcecode.swift; path = AppDelegate.swift; sourceTree = "<group>"; };
		A9240DBC2ADA9039007AFD26 /* SceneDelegate.swift */ = {isa = PBXFileReference; lastKnownFileType = sourcecode.swift; path = SceneDelegate.swift; sourceTree = "<group>"; };
		A9240DBE2ADA9039007AFD26 /* ViewController.swift */ = {isa = PBXFileReference; lastKnownFileType = sourcecode.swift; path = ViewController.swift; sourceTree = "<group>"; };
		A9240DC12ADA9039007AFD26 /* Base */ = {isa = PBXFileReference; lastKnownFileType = file.storyboard; name = Base; path = Base.lproj/Main.storyboard; sourceTree = "<group>"; };
		A9240DC32ADA903B007AFD26 /* Assets.xcassets */ = {isa = PBXFileReference; lastKnownFileType = folder.assetcatalog; path = Assets.xcassets; sourceTree = "<group>"; };
		A9240DC62ADA903B007AFD26 /* Base */ = {isa = PBXFileReference; lastKnownFileType = file.storyboard; name = Base; path = Base.lproj/LaunchScreen.storyboard; sourceTree = "<group>"; };
		A9240DC82ADA903B007AFD26 /* Info.plist */ = {isa = PBXFileReference; lastKnownFileType = text.plist.xml; path = Info.plist; sourceTree = "<group>"; };
		A9240DCE2ADA905A007AFD26 /* Calculator.swift */ = {isa = PBXFileReference; lastKnownFileType = sourcecode.swift; path = Calculator.swift; sourceTree = "<group>"; };
		A9240DD02ADAA8D9007AFD26 /* CustomAlertViewController.swift */ = {isa = PBXFileReference; lastKnownFileType = sourcecode.swift; path = CustomAlertViewController.swift; sourceTree = "<group>"; };
		A9240DD22ADAB11C007AFD26 /* FavoriteViewController.swift */ = {isa = PBXFileReference; lastKnownFileType = sourcecode.swift; path = FavoriteViewController.swift; sourceTree = "<group>"; };
		A9240DD62ADAC466007AFD26 /* UIViewController+Extensions.swift */ = {isa = PBXFileReference; lastKnownFileType = sourcecode.swift; path = "UIViewController+Extensions.swift"; sourceTree = "<group>"; };
		A9240DD82ADAC498007AFD26 /* String+Extension.swift */ = {isa = PBXFileReference; lastKnownFileType = sourcecode.swift; path = "String+Extension.swift"; sourceTree = "<group>"; };
/* End PBXFileReference section */

/* Begin PBXFrameworksBuildPhase section */
		A9240DB42ADA9039007AFD26 /* Frameworks */ = {
			isa = PBXFrameworksBuildPhase;
			buildActionMask = 2147483647;
			files = (
			);
			runOnlyForDeploymentPostprocessing = 0;
		};
/* End PBXFrameworksBuildPhase section */

/* Begin PBXGroup section */
		A9240DAE2ADA9039007AFD26 = {
			isa = PBXGroup;
			children = (
				A9240DB92ADA9039007AFD26 /* RomanConverter */,
				A9240DB82ADA9039007AFD26 /* Products */,
			);
			sourceTree = "<group>";
		};
		A9240DB82ADA9039007AFD26 /* Products */ = {
			isa = PBXGroup;
			children = (
				A9240DB72ADA9039007AFD26 /* RomanConverter.app */,
			);
			name = Products;
			sourceTree = "<group>";
		};
		A9240DB92ADA9039007AFD26 /* RomanConverter */ = {
			isa = PBXGroup;
			children = (
				A9240DC82ADA903B007AFD26 /* Info.plist */,
				A9240DD52ADAC451007AFD26 /* Extensions */,
				A9240DD42ADAC43F007AFD26 /* Base */,
				A9240DDA2ADAC58D007AFD26 /* Feature */,
			);
			path = RomanConverter;
			sourceTree = "<group>";
		};
		A9240DD42ADAC43F007AFD26 /* Base */ = {
			isa = PBXGroup;
			children = (
				A9240DBA2ADA9039007AFD26 /* AppDelegate.swift */,
				A9240DBC2ADA9039007AFD26 /* SceneDelegate.swift */,
				A9240DC02ADA9039007AFD26 /* Main.storyboard */,
				A9240DC32ADA903B007AFD26 /* Assets.xcassets */,
				A9240DC52ADA903B007AFD26 /* LaunchScreen.storyboard */,
			);
			path = Base;
			sourceTree = "<group>";
		};
		A9240DD52ADAC451007AFD26 /* Extensions */ = {
			isa = PBXGroup;
			children = (
				A9240DD62ADAC466007AFD26 /* UIViewController+Extensions.swift */,
				A9240DD82ADAC498007AFD26 /* String+Extension.swift */,
			);
			path = Extensions;
			sourceTree = "<group>";
		};
		A9240DDA2ADAC58D007AFD26 /* Feature */ = {
			isa = PBXGroup;
			children = (
				A9240DBE2ADA9039007AFD26 /* ViewController.swift */,
				A9240DCE2ADA905A007AFD26 /* Calculator.swift */,
				A9240DD02ADAA8D9007AFD26 /* CustomAlertViewController.swift */,
				A9240DD22ADAB11C007AFD26 /* FavoriteViewController.swift */,
			);
			path = Feature;
			sourceTree = "<group>";
		};
/* End PBXGroup section */

/* Begin PBXNativeTarget section */
		A9240DB62ADA9039007AFD26 /* RomanConverter */ = {
			isa = PBXNativeTarget;
			buildConfigurationList = A9240DCB2ADA903B007AFD26 /* Build configuration list for PBXNativeTarget "RomanConverter" */;
			buildPhases = (
				A9240DB32ADA9039007AFD26 /* Sources */,
				A9240DB42ADA9039007AFD26 /* Frameworks */,
				A9240DB52ADA9039007AFD26 /* Resources */,
			);
			buildRules = (
			);
			dependencies = (
			);
			name = RomanConverter;
			productName = RomanConverter;
			productReference = A9240DB72ADA9039007AFD26 /* RomanConverter.app */;
			productType = "com.apple.product-type.application";
		};
/* End PBXNativeTarget section */

/* Begin PBXProject section */
		A9240DAF2ADA9039007AFD26 /* Project object */ = {
			isa = PBXProject;
			attributes = {
				BuildIndependentTargetsInParallel = 1;
				LastSwiftUpdateCheck = 1430;
				LastUpgradeCheck = 1430;
				TargetAttributes = {
					A9240DB62ADA9039007AFD26 = {
						CreatedOnToolsVersion = 14.3;
					};
				};
			};
			buildConfigurationList = A9240DB22ADA9039007AFD26 /* Build configuration list for PBXProject "RomanConverter" */;
			compatibilityVersion = "Xcode 14.0";
			developmentRegion = en;
			hasScannedForEncodings = 0;
			knownRegions = (
				en,
				Base,
			);
			mainGroup = A9240DAE2ADA9039007AFD26;
			productRefGroup = A9240DB82ADA9039007AFD26 /* Products */;
			projectDirPath = "";
			projectRoot = "";
			targets = (
				A9240DB62ADA9039007AFD26 /* RomanConverter */,
			);
		};
/* End PBXProject section */

/* Begin PBXResourcesBuildPhase section */
		A9240DB52ADA9039007AFD26 /* Resources */ = {
			isa = PBXResourcesBuildPhase;
			buildActionMask = 2147483647;
			files = (
				A9240DC72ADA903B007AFD26 /* LaunchScreen.storyboard in Resources */,
				A9240DC42ADA903B007AFD26 /* Assets.xcassets in Resources */,
				A9240DC22ADA9039007AFD26 /* Main.storyboard in Resources */,
			);
			runOnlyForDeploymentPostprocessing = 0;
		};
/* End PBXResourcesBuildPhase section */

/* Begin PBXSourcesBuildPhase section */
		A9240DB32ADA9039007AFD26 /* Sources */ = {
			isa = PBXSourcesBuildPhase;
			buildActionMask = 2147483647;
			files = (
				A9240DD92ADAC498007AFD26 /* String+Extension.swift in Sources */,
				A9240DD72ADAC466007AFD26 /* UIViewController+Extensions.swift in Sources */,
				A9240DBF2ADA9039007AFD26 /* ViewController.swift in Sources */,
				A9240DD12ADAA8D9007AFD26 /* CustomAlertViewController.swift in Sources */,
				A9240DCF2ADA905A007AFD26 /* Calculator.swift in Sources */,
				A9240DBB2ADA9039007AFD26 /* AppDelegate.swift in Sources */,
				A9240DD32ADAB11C007AFD26 /* FavoriteViewController.swift in Sources */,
				A9240DBD2ADA9039007AFD26 /* SceneDelegate.swift in Sources */,
			);
			runOnlyForDeploymentPostprocessing = 0;
		};
/* End PBXSourcesBuildPhase section */

/* Begin PBXVariantGroup section */
		A9240DC02ADA9039007AFD26 /* Main.storyboard */ = {
			isa = PBXVariantGroup;
			children = (
				A9240DC12ADA9039007AFD26 /* Base */,
			);
			name = Main.storyboard;
			sourceTree = "<group>";
		};
		A9240DC52ADA903B007AFD26 /* LaunchScreen.storyboard */ = {
			isa = PBXVariantGroup;
			children = (
				A9240DC62ADA903B007AFD26 /* Base */,
			);
			name = LaunchScreen.storyboard;
			sourceTree = "<group>";
		};
/* End PBXVariantGroup section */

/* Begin XCBuildConfiguration section */
		A9240DC92ADA903B007AFD26 /* Debug */ = {
			isa = XCBuildConfiguration;
			buildSettings = {
				ALWAYS_SEARCH_USER_PATHS = NO;
				CLANG_ANALYZER_NONNULL = YES;
				CLANG_ANALYZER_NUMBER_OBJECT_CONVERSION = YES_AGGRESSIVE;
				CLANG_CXX_LANGUAGE_STANDARD = "gnu++20";
				CLANG_ENABLE_MODULES = YES;
				CLANG_ENABLE_OBJC_ARC = YES;
				CLANG_ENABLE_OBJC_WEAK = YES;
				CLANG_WARN_BLOCK_CAPTURE_AUTORELEASING = YES;
				CLANG_WARN_BOOL_CONVERSION = YES;
				CLANG_WARN_COMMA = YES;
				CLANG_WARN_CONSTANT_CONVERSION = YES;
				CLANG_WARN_DEPRECATED_OBJC_IMPLEMENTATIONS = YES;
				CLANG_WARN_DIRECT_OBJC_ISA_USAGE = YES_ERROR;
				CLANG_WARN_DOCUMENTATION_COMMENTS = YES;
				CLANG_WARN_EMPTY_BODY = YES;
				CLANG_WARN_ENUM_CONVERSION = YES;
				CLANG_WARN_INFINITE_RECURSION = YES;
				CLANG_WARN_INT_CONVERSION = YES;
				CLANG_WARN_NON_LITERAL_NULL_CONVERSION = YES;
				CLANG_WARN_OBJC_IMPLICIT_RETAIN_SELF = YES;
				CLANG_WARN_OBJC_LITERAL_CONVERSION = YES;
				CLANG_WARN_OBJC_ROOT_CLASS = YES_ERROR;
				CLANG_WARN_QUOTED_INCLUDE_IN_FRAMEWORK_HEADER = YES;
				CLANG_WARN_RANGE_LOOP_ANALYSIS = YES;
				CLANG_WARN_STRICT_PROTOTYPES = YES;
				CLANG_WARN_SUSPICIOUS_MOVE = YES;
				CLANG_WARN_UNGUARDED_AVAILABILITY = YES_AGGRESSIVE;
				CLANG_WARN_UNREACHABLE_CODE = YES;
				CLANG_WARN__DUPLICATE_METHOD_MATCH = YES;
				COPY_PHASE_STRIP = NO;
				DEBUG_INFORMATION_FORMAT = dwarf;
				ENABLE_STRICT_OBJC_MSGSEND = YES;
				ENABLE_TESTABILITY = YES;
				GCC_C_LANGUAGE_STANDARD = gnu11;
				GCC_DYNAMIC_NO_PIC = NO;
				GCC_NO_COMMON_BLOCKS = YES;
				GCC_OPTIMIZATION_LEVEL = 0;
				GCC_PREPROCESSOR_DEFINITIONS = (
					"DEBUG=1",
					"$(inherited)",
				);
				GCC_WARN_64_TO_32_BIT_CONVERSION = YES;
				GCC_WARN_ABOUT_RETURN_TYPE = YES_ERROR;
				GCC_WARN_UNDECLARED_SELECTOR = YES;
				GCC_WARN_UNINITIALIZED_AUTOS = YES_AGGRESSIVE;
				GCC_WARN_UNUSED_FUNCTION = YES;
				GCC_WARN_UNUSED_VARIABLE = YES;
				IPHONEOS_DEPLOYMENT_TARGET = 16.4;
				MTL_ENABLE_DEBUG_INFO = INCLUDE_SOURCE;
				MTL_FAST_MATH = YES;
				ONLY_ACTIVE_ARCH = YES;
				SDKROOT = iphoneos;
				SWIFT_ACTIVE_COMPILATION_CONDITIONS = DEBUG;
				SWIFT_OPTIMIZATION_LEVEL = "-Onone";
			};
			name = Debug;
		};
		A9240DCA2ADA903B007AFD26 /* Release */ = {
			isa = XCBuildConfiguration;
			buildSettings = {
				ALWAYS_SEARCH_USER_PATHS = NO;
				CLANG_ANALYZER_NONNULL = YES;
				CLANG_ANALYZER_NUMBER_OBJECT_CONVERSION = YES_AGGRESSIVE;
				CLANG_CXX_LANGUAGE_STANDARD = "gnu++20";
				CLANG_ENABLE_MODULES = YES;
				CLANG_ENABLE_OBJC_ARC = YES;
				CLANG_ENABLE_OBJC_WEAK = YES;
				CLANG_WARN_BLOCK_CAPTURE_AUTORELEASING = YES;
				CLANG_WARN_BOOL_CONVERSION = YES;
				CLANG_WARN_COMMA = YES;
				CLANG_WARN_CONSTANT_CONVERSION = YES;
				CLANG_WARN_DEPRECATED_OBJC_IMPLEMENTATIONS = YES;
				CLANG_WARN_DIRECT_OBJC_ISA_USAGE = YES_ERROR;
				CLANG_WARN_DOCUMENTATION_COMMENTS = YES;
				CLANG_WARN_EMPTY_BODY = YES;
				CLANG_WARN_ENUM_CONVERSION = YES;
				CLANG_WARN_INFINITE_RECURSION = YES;
				CLANG_WARN_INT_CONVERSION = YES;
				CLANG_WARN_NON_LITERAL_NULL_CONVERSION = YES;
				CLANG_WARN_OBJC_IMPLICIT_RETAIN_SELF = YES;
				CLANG_WARN_OBJC_LITERAL_CONVERSION = YES;
				CLANG_WARN_OBJC_ROOT_CLASS = YES_ERROR;
				CLANG_WARN_QUOTED_INCLUDE_IN_FRAMEWORK_HEADER = YES;
				CLANG_WARN_RANGE_LOOP_ANALYSIS = YES;
				CLANG_WARN_STRICT_PROTOTYPES = YES;
				CLANG_WARN_SUSPICIOUS_MOVE = YES;
				CLANG_WARN_UNGUARDED_AVAILABILITY = YES_AGGRESSIVE;
				CLANG_WARN_UNREACHABLE_CODE = YES;
				CLANG_WARN__DUPLICATE_METHOD_MATCH = YES;
				COPY_PHASE_STRIP = NO;
				DEBUG_INFORMATION_FORMAT = "dwarf-with-dsym";
				ENABLE_NS_ASSERTIONS = NO;
				ENABLE_STRICT_OBJC_MSGSEND = YES;
				GCC_C_LANGUAGE_STANDARD = gnu11;
				GCC_NO_COMMON_BLOCKS = YES;
				GCC_WARN_64_TO_32_BIT_CONVERSION = YES;
				GCC_WARN_ABOUT_RETURN_TYPE = YES_ERROR;
				GCC_WARN_UNDECLARED_SELECTOR = YES;
				GCC_WARN_UNINITIALIZED_AUTOS = YES_AGGRESSIVE;
				GCC_WARN_UNUSED_FUNCTION = YES;
				GCC_WARN_UNUSED_VARIABLE = YES;
				IPHONEOS_DEPLOYMENT_TARGET = 16.4;
				MTL_ENABLE_DEBUG_INFO = NO;
				MTL_FAST_MATH = YES;
				SDKROOT = iphoneos;
				SWIFT_COMPILATION_MODE = wholemodule;
				SWIFT_OPTIMIZATION_LEVEL = "-O";
				VALIDATE_PRODUCT = YES;
			};
			name = Release;
		};
		A9240DCC2ADA903B007AFD26 /* Debug */ = {
			isa = XCBuildConfiguration;
			buildSettings = {
				ASSETCATALOG_COMPILER_APPICON_NAME = AppIcon;
				ASSETCATALOG_COMPILER_GLOBAL_ACCENT_COLOR_NAME = AccentColor;
				CODE_SIGN_STYLE = Automatic;
				CURRENT_PROJECT_VERSION = 1;
				DEVELOPMENT_TEAM = 2MZZ36MSKF;
				GENERATE_INFOPLIST_FILE = YES;
				INFOPLIST_FILE = RomanConverter/Info.plist;
				INFOPLIST_KEY_UIApplicationSupportsIndirectInputEvents = YES;
				INFOPLIST_KEY_UILaunchStoryboardName = LaunchScreen;
				INFOPLIST_KEY_UIMainStoryboardFile = Main;
				INFOPLIST_KEY_UISupportedInterfaceOrientations_iPad = "UIInterfaceOrientationPortrait UIInterfaceOrientationPortraitUpsideDown UIInterfaceOrientationLandscapeLeft UIInterfaceOrientationLandscapeRight";
				INFOPLIST_KEY_UISupportedInterfaceOrientations_iPhone = "UIInterfaceOrientationPortrait UIInterfaceOrientationLandscapeLeft UIInterfaceOrientationLandscapeRight";
				LD_RUNPATH_SEARCH_PATHS = (
					"$(inherited)",
					"@executable_path/Frameworks",
				);
				MARKETING_VERSION = 1.0;
				PRODUCT_BUNDLE_IDENTIFIER = com.emincan.RomanConverter;
				PRODUCT_NAME = "$(TARGET_NAME)";
				SWIFT_EMIT_LOC_STRINGS = YES;
				SWIFT_VERSION = 5.0;
				TARGETED_DEVICE_FAMILY = "1,2";
			};
			name = Debug;
		};
		A9240DCD2ADA903B007AFD26 /* Release */ = {
			isa = XCBuildConfiguration;
			buildSettings = {
				ASSETCATALOG_COMPILER_APPICON_NAME = AppIcon;
				ASSETCATALOG_COMPILER_GLOBAL_ACCENT_COLOR_NAME = AccentColor;
				CODE_SIGN_STYLE = Automatic;
				CURRENT_PROJECT_VERSION = 1;
				DEVELOPMENT_TEAM = 2MZZ36MSKF;
				GENERATE_INFOPLIST_FILE = YES;
				INFOPLIST_FILE = RomanConverter/Info.plist;
				INFOPLIST_KEY_UIApplicationSupportsIndirectInputEvents = YES;
				INFOPLIST_KEY_UILaunchStoryboardName = LaunchScreen;
				INFOPLIST_KEY_UIMainStoryboardFile = Main;
				INFOPLIST_KEY_UISupportedInterfaceOrientations_iPad = "UIInterfaceOrientationPortrait UIInterfaceOrientationPortraitUpsideDown UIInterfaceOrientationLandscapeLeft UIInterfaceOrientationLandscapeRight";
				INFOPLIST_KEY_UISupportedInterfaceOrientations_iPhone = "UIInterfaceOrientationPortrait UIInterfaceOrientationLandscapeLeft UIInterfaceOrientationLandscapeRight";
				LD_RUNPATH_SEARCH_PATHS = (
					"$(inherited)",
					"@executable_path/Frameworks",
				);
				MARKETING_VERSION = 1.0;
				PRODUCT_BUNDLE_IDENTIFIER = com.emincan.RomanConverter;
				PRODUCT_NAME = "$(TARGET_NAME)";
				SWIFT_EMIT_LOC_STRINGS = YES;
				SWIFT_VERSION = 5.0;
				TARGETED_DEVICE_FAMILY = "1,2";
			};
			name = Release;
		};
/* End XCBuildConfiguration section */

/* Begin XCConfigurationList section */
		A9240DB22ADA9039007AFD26 /* Build configuration list for PBXProject "RomanConverter" */ = {
			isa = XCConfigurationList;
			buildConfigurations = (
				A9240DC92ADA903B007AFD26 /* Debug */,
				A9240DCA2ADA903B007AFD26 /* Release */,
			);
			defaultConfigurationIsVisible = 0;
			defaultConfigurationName = Release;
		};
		A9240DCB2ADA903B007AFD26 /* Build configuration list for PBXNativeTarget "RomanConverter" */ = {
			isa = XCConfigurationList;
			buildConfigurations = (
				A9240DCC2ADA903B007AFD26 /* Debug */,
				A9240DCD2ADA903B007AFD26 /* Release */,
			);
			defaultConfigurationIsVisible = 0;
			defaultConfigurationName = Release;
		};
/* End XCConfigurationList section */
	};
	rootObject = A9240DAF2ADA9039007AFD26 /* Project object */;
}
